
Microsoft Visual Studio Solution File, Format Version 12.00
# Visual Studio Version 17
VisualStudioVersion = 17.9.34728.123
MinimumVisualStudioVersion = 10.0.40219.1
Project("{FAE04EC0-301F-11D3-BF4B-00C04F79EFBC}") = "Typist", "Typist\Typist.csproj", "{F9311AF6-63F7-4E78-8AF5-D1147D87FCC8}"
EndProject
Project("{54435603-DBB4-11D2-8724-00A0C9A8B90C}") = "Setup1", "Setup1\Setup1.vdproj", "{4260A2C5-1A49-407E-BDC3-E8EFE71980A5}"
EndProject
Global
	GlobalSection(SolutionConfigurationPlatforms) = preSolution
		Debug|Any CPU = Debug|Any CPU
		Release|Any CPU = Release|Any CPU
	EndGlobalSection
	GlobalSection(ProjectConfigurationPlatforms) = postSolution
		{F9311AF6-63F7-4E78-8AF5-D1147D87FCC8}.Debug|Any CPU.ActiveCfg = Debug|Any CPU
		{F9311AF6-63F7-4E78-8AF5-D1147D87FCC8}.Debug|Any CPU.Build.0 = Debug|Any CPU
		{F9311AF6-63F7-4E78-8AF5-D1147D87FCC8}.Release|Any CPU.ActiveCfg = Release|Any CPU
		{F9311AF6-63F7-4E78-8AF5-D1147D87FCC8}.Release|Any CPU.Build.0 = Release|Any CPU
		{4260A2C5-1A49-407E-BDC3-E8EFE71980A5}.Debug|Any CPU.ActiveCfg = Debug
		{4260A2C5-1A49-407E-BDC3-E8EFE71980A5}.Debug|Any CPU.Build.0 = Debug
		{4260A2C5-1A49-407E-BDC3-E8EFE71980A5}.Release|Any CPU.ActiveCfg = Release
		{4260A2C5-1A49-407E-BDC3-E8EFE71980A5}.Release|Any CPU.Build.0 = Release
	EndGlobalSection
	GlobalSection(SolutionProperties) = preSolution
		HideSolutionNode = FALSE
	EndGlobalSection
	GlobalSection(ExtensibilityGlobals) = postSolution
		SolutionGuid = {A76E7857-F700-4DBC-A077-3BD0D1671F57}
	EndGlobalSection
EndGlobal
